
Microsoft Visual Studio Solution File, Format Version 12.00
# Visual Studio Version 17
VisualStudioVersion = 17.4.33103.184
MinimumVisualStudioVersion = 10.0.40219.1
Project("{FAE04EC0-301F-11D3-BF4B-00C04F79EFBC}") = "HumanResourceManagement", "HumanResourceManagement\HumanResourceManagement.csproj", "{03BCD438-4877-49EA-A68D-AEEFDB5D91C2}"
EndProject
Global
	GlobalSection(SolutionConfigurationPlatforms) = preSolution
		Debug|Any CPU = Debug|Any CPU
		Release|Any CPU = Release|Any CPU
	EndGlobalSection
	GlobalSection(ProjectConfigurationPlatforms) = postSolution
		{03BCD438-4877-49EA-A68D-AEEFDB5D91C2}.Debug|Any CPU.ActiveCfg = Debug|Any CPU
		{03BCD438-4877-49EA-A68D-AEEFDB5D91C2}.Debug|Any CPU.Build.0 = Debug|Any CPU
		{03BCD438-4877-49EA-A68D-AEEFDB5D91C2}.Release|Any CPU.ActiveCfg = Release|Any CPU
		{03BCD438-4877-49EA-A68D-AEEFDB5D91C2}.Release|Any CPU.Build.0 = Release|Any CPU
	EndGlobalSection
	GlobalSection(SolutionProperties) = preSolution
		HideSolutionNode = FALSE
	EndGlobalSection
	GlobalSection(ExtensibilityGlobals) = postSolution
		SolutionGuid = {A4EB19B8-3948-4606-BA6B-BFA003704C71}
	EndGlobalSection
EndGlobal
